// !$*UTF8*$!
{
	archiveVersion = 1;
	classes = {
	};
	objectVersion = 52;
	objects = {

/* Begin PBXBuildFile section */
		4333D8D8242FF2F600D910A9 /* TournamentCoverageInfo.swift in Sources */ = {isa = PBXBuildFile; fileRef = 4333D8D7242FF2F600D910A9 /* TournamentCoverageInfo.swift */; };
		4333D8DA2431682800D910A9 /* RankingPageViewController.swift in Sources */ = {isa = PBXBuildFile; fileRef = 4333D8D92431682800D910A9 /* RankingPageViewController.swift */; };
		4333D8DC2431ADE000D910A9 /* RankingCellView.swift in Sources */ = {isa = PBXBuildFile; fileRef = 4333D8DB2431ADE000D910A9 /* RankingCellView.swift */; };
		43B10CEE2432D11500FE22C8 /* JTAppleCalendar in Frameworks */ = {isa = PBXBuildFile; productRef = 43B10CED2432D11500FE22C8 /* JTAppleCalendar */; };
		860AC5C5240D4B980001EE30 /* TournamentInfo.swift in Sources */ = {isa = PBXBuildFile; fileRef = 860AC5C4240D4B980001EE30 /* TournamentInfo.swift */; };
		860AC5C7240D4CB90001EE30 /* Info.swift in Sources */ = {isa = PBXBuildFile; fileRef = 860AC5C6240D4CB90001EE30 /* Info.swift */; };
		C4A46792242C5BE500ADABB6 /* PlayerInfoViewController.swift in Sources */ = {isa = PBXBuildFile; fileRef = C4A46791242C5BE500ADABB6 /* PlayerInfoViewController.swift */; };
		C4AADA68240DEC760084E172 /* CoverageInfo.swift in Sources */ = {isa = PBXBuildFile; fileRef = C4AADA67240DEC760084E172 /* CoverageInfo.swift */; };
		C4AADA6A240DF1AD0084E172 /* Competitor.swift in Sources */ = {isa = PBXBuildFile; fileRef = C4AADA69240DF1AD0084E172 /* Competitor.swift */; };
		C4AADA6C240DF3460084E172 /* SportEventConditions.swift in Sources */ = {isa = PBXBuildFile; fileRef = C4AADA6B240DF3460084E172 /* SportEventConditions.swift */; };
		C4AADA6E240DFDAD0084E172 /* Venue.swift in Sources */ = {isa = PBXBuildFile; fileRef = C4AADA6D240DFDAD0084E172 /* Venue.swift */; };
		C4AADA70240E023C0084E172 /* MatchProbability.swift in Sources */ = {isa = PBXBuildFile; fileRef = C4AADA6F240E023C0084E172 /* MatchProbability.swift */; };
		C4AADA72240E02E50084E172 /* Markets.swift in Sources */ = {isa = PBXBuildFile; fileRef = C4AADA71240E02E50084E172 /* Markets.swift */; };
		C4AADA74240E03520084E172 /* Market.swift in Sources */ = {isa = PBXBuildFile; fileRef = C4AADA73240E03520084E172 /* Market.swift */; };
		C4AADA76240E03EB0084E172 /* Outcome.swift in Sources */ = {isa = PBXBuildFile; fileRef = C4AADA75240E03EB0084E172 /* Outcome.swift */; };
		C4AADA78240E08350084E172 /* MatchStatistics.swift in Sources */ = {isa = PBXBuildFile; fileRef = C4AADA77240E08350084E172 /* MatchStatistics.swift */; };
		C4AADA7A240E08800084E172 /* MatchStat.swift in Sources */ = {isa = PBXBuildFile; fileRef = C4AADA79240E08800084E172 /* MatchStat.swift */; };
		C4AADA7C240E08FA0084E172 /* MatchStats.swift in Sources */ = {isa = PBXBuildFile; fileRef = C4AADA7B240E08FA0084E172 /* MatchStats.swift */; };
		C4AADA7E240E10120084E172 /* Timeline.swift in Sources */ = {isa = PBXBuildFile; fileRef = C4AADA7D240E10120084E172 /* Timeline.swift */; };
		C4AADA80240E16300084E172 /* PlayerProfile.swift in Sources */ = {isa = PBXBuildFile; fileRef = C4AADA7F240E16300084E172 /* PlayerProfile.swift */; };
		C4AADA82240E18C10084E172 /* Ranking.swift in Sources */ = {isa = PBXBuildFile; fileRef = C4AADA81240E18C10084E172 /* Ranking.swift */; };
		C4AADA842410A9FE0084E172 /* Periods.swift in Sources */ = {isa = PBXBuildFile; fileRef = C4AADA832410A9FE0084E172 /* Periods.swift */; };
		C4AADA862410AA7A0084E172 /* Period.swift in Sources */ = {isa = PBXBuildFile; fileRef = C4AADA852410AA7A0084E172 /* Period.swift */; };
		C4AADA882410AB500084E172 /* Surface.swift in Sources */ = {isa = PBXBuildFile; fileRef = C4AADA872410AB500084E172 /* Surface.swift */; };
		C4AADA8A2410ABB60084E172 /* PeriodStat.swift in Sources */ = {isa = PBXBuildFile; fileRef = C4AADA892410ABB60084E172 /* PeriodStat.swift */; };
		C4AADA8C2413360A0084E172 /* PlayerRankings.swift in Sources */ = {isa = PBXBuildFile; fileRef = C4AADA8B2413360A0084E172 /* PlayerRankings.swift */; };
		C4AADA8E241336D30084E172 /* TourRanking.swift in Sources */ = {isa = PBXBuildFile; fileRef = C4AADA8D241336D30084E172 /* TourRanking.swift */; };
		C4AADA9224133C960084E172 /* HeadToHead.swift in Sources */ = {isa = PBXBuildFile; fileRef = C4AADA9124133C960084E172 /* HeadToHead.swift */; };
		C4AADA9424133D650084E172 /* Meetings.swift in Sources */ = {isa = PBXBuildFile; fileRef = C4AADA9324133D650084E172 /* Meetings.swift */; };
		C4AADA982413FB070084E172 /* OngoingTournamentsController.swift in Sources */ = {isa = PBXBuildFile; fileRef = C4AADA972413FB070084E172 /* OngoingTournamentsController.swift */; };
		C4AADA9A2413FB350084E172 /* RankingViewController.swift in Sources */ = {isa = PBXBuildFile; fileRef = C4AADA992413FB350084E172 /* RankingViewController.swift */; };
		C4B4D65924146A1A00E78259 /* TournamentManager.swift in Sources */ = {isa = PBXBuildFile; fileRef = C4B4D65824146A1A00E78259 /* TournamentManager.swift */; };
		C4B612A32415DF4A0020D12D /* SettingsViewController.swift in Sources */ = {isa = PBXBuildFile; fileRef = C4B612A22415DF4A0020D12D /* SettingsViewController.swift */; };
		C4B612A62417105A0020D12D /* TournamentViewCell.swift in Sources */ = {isa = PBXBuildFile; fileRef = C4B612A52417105A0020D12D /* TournamentViewCell.swift */; };
		C4BDACFB241D5F650038BADA /* DataController.swift in Sources */ = {isa = PBXBuildFile; fileRef = C4BDACFA241D5F650038BADA /* DataController.swift */; };
		C4BDACFE241D8FE20038BADA /* StringProtocol+Extension.swift in Sources */ = {isa = PBXBuildFile; fileRef = C4BDACFD241D8FE20038BADA /* StringProtocol+Extension.swift */; };
		C4C23A03242AE747002AABA6 /* TourInfoViewController.swift in Sources */ = {isa = PBXBuildFile; fileRef = C4C23A02242AE747002AABA6 /* TourInfoViewController.swift */; };
		C4C23A05242C4E7E002AABA6 /* UITableViewController+Extension.swift in Sources */ = {isa = PBXBuildFile; fileRef = C4C23A04242C4E7E002AABA6 /* UITableViewController+Extension.swift */; };
		C4DC2DC524076ED2007CE1DF /* AppDelegate.swift in Sources */ = {isa = PBXBuildFile; fileRef = C4DC2DC424076ED2007CE1DF /* AppDelegate.swift */; };
		C4DC2DC724076ED2007CE1DF /* SceneDelegate.swift in Sources */ = {isa = PBXBuildFile; fileRef = C4DC2DC624076ED2007CE1DF /* SceneDelegate.swift */; };
		C4DC2DC924076ED2007CE1DF /* LiveSummaryViewController.swift in Sources */ = {isa = PBXBuildFile; fileRef = C4DC2DC824076ED2007CE1DF /* LiveSummaryViewController.swift */; };
		C4DC2DCC24076ED2007CE1DF /* Main.storyboard in Resources */ = {isa = PBXBuildFile; fileRef = C4DC2DCA24076ED2007CE1DF /* Main.storyboard */; };
		C4DC2DCF24076ED2007CE1DF /* TennisRadar.xcdatamodeld in Sources */ = {isa = PBXBuildFile; fileRef = C4DC2DCD24076ED2007CE1DF /* TennisRadar.xcdatamodeld */; };
		C4DC2DD124076ED4007CE1DF /* Assets.xcassets in Resources */ = {isa = PBXBuildFile; fileRef = C4DC2DD024076ED4007CE1DF /* Assets.xcassets */; };
		C4DC2DD424076ED5007CE1DF /* LaunchScreen.storyboard in Resources */ = {isa = PBXBuildFile; fileRef = C4DC2DD224076ED4007CE1DF /* LaunchScreen.storyboard */; };
		C4DC2DDD24076EEF007CE1DF /* TennisApi.swift in Sources */ = {isa = PBXBuildFile; fileRef = C4DC2DDC24076EEF007CE1DF /* TennisApi.swift */; };
		C4DC2DDF24076F74007CE1DF /* MatchMode.swift in Sources */ = {isa = PBXBuildFile; fileRef = C4DC2DDE24076F74007CE1DF /* MatchMode.swift */; };
		C4DC2DE32407706C007CE1DF /* MatchStatus.swift in Sources */ = {isa = PBXBuildFile; fileRef = C4DC2DE22407706C007CE1DF /* MatchStatus.swift */; };
		C4DC2DE524087B1F007CE1DF /* TournamentType.swift in Sources */ = {isa = PBXBuildFile; fileRef = C4DC2DE424087B1F007CE1DF /* TournamentType.swift */; };
		C4F62DBB240AABA600A9803E /* Alamofire in Frameworks */ = {isa = PBXBuildFile; productRef = C4F62DBA240AABA600A9803E /* Alamofire */; };
		C4F62DE6240C06DC00A9803E /* Endpoints.swift in Sources */ = {isa = PBXBuildFile; fileRef = C4F62DE5240C06DC00A9803E /* Endpoints.swift */; };
		C4F62DEA240C08BB00A9803E /* Tournaments.swift in Sources */ = {isa = PBXBuildFile; fileRef = C4F62DE9240C08BB00A9803E /* Tournaments.swift */; };
		C4F62DEC240C095C00A9803E /* Tournament.swift in Sources */ = {isa = PBXBuildFile; fileRef = C4F62DEB240C095C00A9803E /* Tournament.swift */; };
		C4F62DEE240C0AA800A9803E /* IdName.swift in Sources */ = {isa = PBXBuildFile; fileRef = C4F62DED240C0AA800A9803E /* IdName.swift */; };
		C4F62DF0240C0AE600A9803E /* Season.swift in Sources */ = {isa = PBXBuildFile; fileRef = C4F62DEF240C0AE600A9803E /* Season.swift */; };
		C4F62DF2240CB0AE00A9803E /* TournamentSummary.swift in Sources */ = {isa = PBXBuildFile; fileRef = C4F62DF1240CB0AE00A9803E /* TournamentSummary.swift */; };
		C4F62DF7240CB6B300A9803E /* TournamentSchedule.swift in Sources */ = {isa = PBXBuildFile; fileRef = C4F62DF6240CB6B300A9803E /* TournamentSchedule.swift */; };
		C4F62DF9240CB78700A9803E /* SportEvent.swift in Sources */ = {isa = PBXBuildFile; fileRef = C4F62DF8240CB78700A9803E /* SportEvent.swift */; };
		C4F62DFB240CB89800A9803E /* TournamentRound.swift in Sources */ = {isa = PBXBuildFile; fileRef = C4F62DFA240CB89800A9803E /* TournamentRound.swift */; };
		C4F62DFE240CBA3600A9803E /* Player.swift in Sources */ = {isa = PBXBuildFile; fileRef = C4F62DFD240CBA3600A9803E /* Player.swift */; };
		C4F62E00240CBD0100A9803E /* TournamentResults.swift in Sources */ = {isa = PBXBuildFile; fileRef = C4F62DFF240CBD0100A9803E /* TournamentResults.swift */; };
		C4F62E02240CBDB800A9803E /* MatchResult.swift in Sources */ = {isa = PBXBuildFile; fileRef = C4F62E01240CBDB800A9803E /* MatchResult.swift */; };
		C4F62E04240CBEB700A9803E /* SportEventStatus.swift in Sources */ = {isa = PBXBuildFile; fileRef = C4F62E03240CBEB700A9803E /* SportEventStatus.swift */; };
		C4F62E08240CC04C00A9803E /* PeriodScore.swift in Sources */ = {isa = PBXBuildFile; fileRef = C4F62E07240CC04C00A9803E /* PeriodScore.swift */; };
/* End PBXBuildFile section */

/* Begin PBXFileReference section */
		4333D8D7242FF2F600D910A9 /* TournamentCoverageInfo.swift */ = {isa = PBXFileReference; lastKnownFileType = sourcecode.swift; path = TournamentCoverageInfo.swift; sourceTree = "<group>"; };
		4333D8D92431682800D910A9 /* RankingPageViewController.swift */ = {isa = PBXFileReference; lastKnownFileType = sourcecode.swift; path = RankingPageViewController.swift; sourceTree = "<group>"; };
		4333D8DB2431ADE000D910A9 /* RankingCellView.swift */ = {isa = PBXFileReference; lastKnownFileType = sourcecode.swift; path = RankingCellView.swift; sourceTree = "<group>"; };
		860AC5C4240D4B980001EE30 /* TournamentInfo.swift */ = {isa = PBXFileReference; lastKnownFileType = sourcecode.swift; path = TournamentInfo.swift; sourceTree = "<group>"; };
		860AC5C6240D4CB90001EE30 /* Info.swift */ = {isa = PBXFileReference; lastKnownFileType = sourcecode.swift; path = Info.swift; sourceTree = "<group>"; };
		C4A46791242C5BE500ADABB6 /* PlayerInfoViewController.swift */ = {isa = PBXFileReference; lastKnownFileType = sourcecode.swift; path = PlayerInfoViewController.swift; sourceTree = "<group>"; };
		C4AADA67240DEC760084E172 /* CoverageInfo.swift */ = {isa = PBXFileReference; lastKnownFileType = sourcecode.swift; path = CoverageInfo.swift; sourceTree = "<group>"; };
		C4AADA69240DF1AD0084E172 /* Competitor.swift */ = {isa = PBXFileReference; lastKnownFileType = sourcecode.swift; path = Competitor.swift; sourceTree = "<group>"; };
		C4AADA6B240DF3460084E172 /* SportEventConditions.swift */ = {isa = PBXFileReference; lastKnownFileType = sourcecode.swift; path = SportEventConditions.swift; sourceTree = "<group>"; };
		C4AADA6D240DFDAD0084E172 /* Venue.swift */ = {isa = PBXFileReference; lastKnownFileType = sourcecode.swift; path = Venue.swift; sourceTree = "<group>"; };
		C4AADA6F240E023C0084E172 /* MatchProbability.swift */ = {isa = PBXFileReference; lastKnownFileType = sourcecode.swift; path = MatchProbability.swift; sourceTree = "<group>"; };
		C4AADA71240E02E50084E172 /* Markets.swift */ = {isa = PBXFileReference; lastKnownFileType = sourcecode.swift; path = Markets.swift; sourceTree = "<group>"; };
		C4AADA73240E03520084E172 /* Market.swift */ = {isa = PBXFileReference; lastKnownFileType = sourcecode.swift; path = Market.swift; sourceTree = "<group>"; };
		C4AADA75240E03EB0084E172 /* Outcome.swift */ = {isa = PBXFileReference; lastKnownFileType = sourcecode.swift; path = Outcome.swift; sourceTree = "<group>"; };
		C4AADA77240E08350084E172 /* MatchStatistics.swift */ = {isa = PBXFileReference; lastKnownFileType = sourcecode.swift; path = MatchStatistics.swift; sourceTree = "<group>"; };
		C4AADA79240E08800084E172 /* MatchStat.swift */ = {isa = PBXFileReference; lastKnownFileType = sourcecode.swift; path = MatchStat.swift; sourceTree = "<group>"; };
		C4AADA7B240E08FA0084E172 /* MatchStats.swift */ = {isa = PBXFileReference; lastKnownFileType = sourcecode.swift; path = MatchStats.swift; sourceTree = "<group>"; };
		C4AADA7D240E10120084E172 /* Timeline.swift */ = {isa = PBXFileReference; lastKnownFileType = sourcecode.swift; path = Timeline.swift; sourceTree = "<group>"; };
		C4AADA7F240E16300084E172 /* PlayerProfile.swift */ = {isa = PBXFileReference; lastKnownFileType = sourcecode.swift; path = PlayerProfile.swift; sourceTree = "<group>"; };
		C4AADA81240E18C10084E172 /* Ranking.swift */ = {isa = PBXFileReference; lastKnownFileType = sourcecode.swift; path = Ranking.swift; sourceTree = "<group>"; };
		C4AADA832410A9FE0084E172 /* Periods.swift */ = {isa = PBXFileReference; lastKnownFileType = sourcecode.swift; path = Periods.swift; sourceTree = "<group>"; };
		C4AADA852410AA7A0084E172 /* Period.swift */ = {isa = PBXFileReference; lastKnownFileType = sourcecode.swift; path = Period.swift; sourceTree = "<group>"; };
		C4AADA872410AB500084E172 /* Surface.swift */ = {isa = PBXFileReference; lastKnownFileType = sourcecode.swift; path = Surface.swift; sourceTree = "<group>"; };
		C4AADA892410ABB60084E172 /* PeriodStat.swift */ = {isa = PBXFileReference; lastKnownFileType = sourcecode.swift; path = PeriodStat.swift; sourceTree = "<group>"; };
		C4AADA8B2413360A0084E172 /* PlayerRankings.swift */ = {isa = PBXFileReference; lastKnownFileType = sourcecode.swift; path = PlayerRankings.swift; sourceTree = "<group>"; };
		C4AADA8D241336D30084E172 /* TourRanking.swift */ = {isa = PBXFileReference; lastKnownFileType = sourcecode.swift; path = TourRanking.swift; sourceTree = "<group>"; };
		C4AADA9124133C960084E172 /* HeadToHead.swift */ = {isa = PBXFileReference; lastKnownFileType = sourcecode.swift; path = HeadToHead.swift; sourceTree = "<group>"; };
		C4AADA9324133D650084E172 /* Meetings.swift */ = {isa = PBXFileReference; lastKnownFileType = sourcecode.swift; path = Meetings.swift; sourceTree = "<group>"; };
		C4AADA972413FB070084E172 /* OngoingTournamentsController.swift */ = {isa = PBXFileReference; lastKnownFileType = sourcecode.swift; path = OngoingTournamentsController.swift; sourceTree = "<group>"; };
		C4AADA992413FB350084E172 /* RankingViewController.swift */ = {isa = PBXFileReference; lastKnownFileType = sourcecode.swift; path = RankingViewController.swift; sourceTree = "<group>"; };
		C4B4D65824146A1A00E78259 /* TournamentManager.swift */ = {isa = PBXFileReference; lastKnownFileType = sourcecode.swift; path = TournamentManager.swift; sourceTree = "<group>"; };
		C4B612A22415DF4A0020D12D /* SettingsViewController.swift */ = {isa = PBXFileReference; lastKnownFileType = sourcecode.swift; path = SettingsViewController.swift; sourceTree = "<group>"; };
		C4B612A52417105A0020D12D /* TournamentViewCell.swift */ = {isa = PBXFileReference; lastKnownFileType = sourcecode.swift; path = TournamentViewCell.swift; sourceTree = "<group>"; };
		C4BDACFA241D5F650038BADA /* DataController.swift */ = {isa = PBXFileReference; lastKnownFileType = sourcecode.swift; path = DataController.swift; sourceTree = "<group>"; };
		C4BDACFD241D8FE20038BADA /* StringProtocol+Extension.swift */ = {isa = PBXFileReference; lastKnownFileType = sourcecode.swift; path = "StringProtocol+Extension.swift"; sourceTree = "<group>"; };
		C4C23A02242AE747002AABA6 /* TourInfoViewController.swift */ = {isa = PBXFileReference; lastKnownFileType = sourcecode.swift; path = TourInfoViewController.swift; sourceTree = "<group>"; };
		C4C23A04242C4E7E002AABA6 /* UITableViewController+Extension.swift */ = {isa = PBXFileReference; lastKnownFileType = sourcecode.swift; path = "UITableViewController+Extension.swift"; sourceTree = "<group>"; };
		C4DC2DC124076ED2007CE1DF /* TennisRadar.app */ = {isa = PBXFileReference; explicitFileType = wrapper.application; includeInIndex = 0; path = TennisRadar.app; sourceTree = BUILT_PRODUCTS_DIR; };
		C4DC2DC424076ED2007CE1DF /* AppDelegate.swift */ = {isa = PBXFileReference; lastKnownFileType = sourcecode.swift; path = AppDelegate.swift; sourceTree = "<group>"; };
		C4DC2DC624076ED2007CE1DF /* SceneDelegate.swift */ = {isa = PBXFileReference; lastKnownFileType = sourcecode.swift; path = SceneDelegate.swift; sourceTree = "<group>"; };
		C4DC2DC824076ED2007CE1DF /* LiveSummaryViewController.swift */ = {isa = PBXFileReference; lastKnownFileType = sourcecode.swift; path = LiveSummaryViewController.swift; sourceTree = "<group>"; };
		C4DC2DCB24076ED2007CE1DF /* Base */ = {isa = PBXFileReference; lastKnownFileType = file.storyboard; name = Base; path = Base.lproj/Main.storyboard; sourceTree = "<group>"; };
		C4DC2DCE24076ED2007CE1DF /* TennisRadar.xcdatamodel */ = {isa = PBXFileReference; lastKnownFileType = wrapper.xcdatamodel; path = TennisRadar.xcdatamodel; sourceTree = "<group>"; };
		C4DC2DD024076ED4007CE1DF /* Assets.xcassets */ = {isa = PBXFileReference; lastKnownFileType = folder.assetcatalog; path = Assets.xcassets; sourceTree = "<group>"; };
		C4DC2DD324076ED4007CE1DF /* Base */ = {isa = PBXFileReference; lastKnownFileType = file.storyboard; name = Base; path = Base.lproj/LaunchScreen.storyboard; sourceTree = "<group>"; };
		C4DC2DD524076ED5007CE1DF /* Info.plist */ = {isa = PBXFileReference; lastKnownFileType = text.plist.xml; path = Info.plist; sourceTree = "<group>"; };
		C4DC2DDC24076EEF007CE1DF /* TennisApi.swift */ = {isa = PBXFileReference; lastKnownFileType = sourcecode.swift; path = TennisApi.swift; sourceTree = "<group>"; };
		C4DC2DDE24076F74007CE1DF /* MatchMode.swift */ = {isa = PBXFileReference; lastKnownFileType = sourcecode.swift; path = MatchMode.swift; sourceTree = "<group>"; };
		C4DC2DE22407706C007CE1DF /* MatchStatus.swift */ = {isa = PBXFileReference; lastKnownFileType = sourcecode.swift; path = MatchStatus.swift; sourceTree = "<group>"; };
		C4DC2DE424087B1F007CE1DF /* TournamentType.swift */ = {isa = PBXFileReference; lastKnownFileType = sourcecode.swift; path = TournamentType.swift; sourceTree = "<group>"; };
		C4F62DE5240C06DC00A9803E /* Endpoints.swift */ = {isa = PBXFileReference; lastKnownFileType = sourcecode.swift; path = Endpoints.swift; sourceTree = "<group>"; };
		C4F62DE9240C08BB00A9803E /* Tournaments.swift */ = {isa = PBXFileReference; lastKnownFileType = sourcecode.swift; path = Tournaments.swift; sourceTree = "<group>"; };
		C4F62DEB240C095C00A9803E /* Tournament.swift */ = {isa = PBXFileReference; lastKnownFileType = sourcecode.swift; path = Tournament.swift; sourceTree = "<group>"; };
		C4F62DED240C0AA800A9803E /* IdName.swift */ = {isa = PBXFileReference; lastKnownFileType = sourcecode.swift; path = IdName.swift; sourceTree = "<group>"; };
		C4F62DEF240C0AE600A9803E /* Season.swift */ = {isa = PBXFileReference; lastKnownFileType = sourcecode.swift; path = Season.swift; sourceTree = "<group>"; };
		C4F62DF1240CB0AE00A9803E /* TournamentSummary.swift */ = {isa = PBXFileReference; lastKnownFileType = sourcecode.swift; path = TournamentSummary.swift; sourceTree = "<group>"; };
		C4F62DF6240CB6B300A9803E /* TournamentSchedule.swift */ = {isa = PBXFileReference; lastKnownFileType = sourcecode.swift; path = TournamentSchedule.swift; sourceTree = "<group>"; };
		C4F62DF8240CB78700A9803E /* SportEvent.swift */ = {isa = PBXFileReference; lastKnownFileType = sourcecode.swift; path = SportEvent.swift; sourceTree = "<group>"; };
		C4F62DFA240CB89800A9803E /* TournamentRound.swift */ = {isa = PBXFileReference; lastKnownFileType = sourcecode.swift; path = TournamentRound.swift; sourceTree = "<group>"; };
		C4F62DFD240CBA3600A9803E /* Player.swift */ = {isa = PBXFileReference; lastKnownFileType = sourcecode.swift; path = Player.swift; sourceTree = "<group>"; };
		C4F62DFF240CBD0100A9803E /* TournamentResults.swift */ = {isa = PBXFileReference; lastKnownFileType = sourcecode.swift; path = TournamentResults.swift; sourceTree = "<group>"; };
		C4F62E01240CBDB800A9803E /* MatchResult.swift */ = {isa = PBXFileReference; lastKnownFileType = sourcecode.swift; path = MatchResult.swift; sourceTree = "<group>"; };
		C4F62E03240CBEB700A9803E /* SportEventStatus.swift */ = {isa = PBXFileReference; lastKnownFileType = sourcecode.swift; path = SportEventStatus.swift; sourceTree = "<group>"; };
		C4F62E07240CC04C00A9803E /* PeriodScore.swift */ = {isa = PBXFileReference; lastKnownFileType = sourcecode.swift; path = PeriodScore.swift; sourceTree = "<group>"; };
/* End PBXFileReference section */

/* Begin PBXFrameworksBuildPhase section */
		C4DC2DBE24076ED2007CE1DF /* Frameworks */ = {
			isa = PBXFrameworksBuildPhase;
			buildActionMask = 2147483647;
			files = (
				C4F62DBB240AABA600A9803E /* Alamofire in Frameworks */,
				43B10CEE2432D11500FE22C8 /* JTAppleCalendar in Frameworks */,
			);
			runOnlyForDeploymentPostprocessing = 0;
		};
/* End PBXFrameworksBuildPhase section */

/* Begin PBXGroup section */
		860AC5C8240D537A0001EE30 /* Match */ = {
			isa = PBXGroup;
			children = (
				C4AADA7B240E08FA0084E172 /* MatchStats.swift */,
				C4AADA79240E08800084E172 /* MatchStat.swift */,
				C4AADA75240E03EB0084E172 /* Outcome.swift */,
				C4AADA73240E03520084E172 /* Market.swift */,
				C4AADA71240E02E50084E172 /* Markets.swift */,
				C4AADA6F240E023C0084E172 /* MatchProbability.swift */,
				C4AADA77240E08350084E172 /* MatchStatistics.swift */,
				C4F62E01240CBDB800A9803E /* MatchResult.swift */,
			);
			path = Match;
			sourceTree = "<group>";
		};
		C4AADA952413DC940084E172 /* Model */ = {
			isa = PBXGroup;
			children = (
				C4DC2DCD24076ED2007CE1DF /* TennisRadar.xcdatamodeld */,
				C4B4D65824146A1A00E78259 /* TournamentManager.swift */,
				C4BDACFA241D5F650038BADA /* DataController.swift */,
			);
			path = Model;
			sourceTree = "<group>";
		};
		C4AADA962413DCAC0084E172 /* Storyboard */ = {
			isa = PBXGroup;
			children = (
				C4DC2DCA24076ED2007CE1DF /* Main.storyboard */,
				C4DC2DD224076ED4007CE1DF /* LaunchScreen.storyboard */,
			);
			path = Storyboard;
			sourceTree = "<group>";
		};
		C4B612A4241710430020D12D /* View */ = {
			isa = PBXGroup;
			children = (
				C4B612A52417105A0020D12D /* TournamentViewCell.swift */,
				C4C23A04242C4E7E002AABA6 /* UITableViewController+Extension.swift */,
				4333D8DB2431ADE000D910A9 /* RankingCellView.swift */,
			);
			path = View;
			sourceTree = "<group>";
		};
		C4BDACFC241D8FD10038BADA /* Extensions */ = {
			isa = PBXGroup;
			children = (
				C4BDACFD241D8FE20038BADA /* StringProtocol+Extension.swift */,
			);
			path = Extensions;
			sourceTree = "<group>";
		};
		C4DC2DB824076ED2007CE1DF = {
			isa = PBXGroup;
			children = (
				C4DC2DC324076ED2007CE1DF /* TennisRadar */,
				C4DC2DC224076ED2007CE1DF /* Products */,
			);
			sourceTree = "<group>";
		};
		C4DC2DC224076ED2007CE1DF /* Products */ = {
			isa = PBXGroup;
			children = (
				C4DC2DC124076ED2007CE1DF /* TennisRadar.app */,
			);
			name = Products;
			sourceTree = "<group>";
		};
		C4DC2DC324076ED2007CE1DF /* TennisRadar */ = {
			isa = PBXGroup;
			children = (
				C4BDACFC241D8FD10038BADA /* Extensions */,
				C4B612A4241710430020D12D /* View */,
				C4AADA952413DC940084E172 /* Model */,
				C4DC2DDB24076EDA007CE1DF /* Network */,
				C4F62DBC240AF6CA00A9803E /* Controller */,
				C4DC2DC424076ED2007CE1DF /* AppDelegate.swift */,
				C4DC2DC624076ED2007CE1DF /* SceneDelegate.swift */,
				C4AADA962413DCAC0084E172 /* Storyboard */,
				C4DC2DD024076ED4007CE1DF /* Assets.xcassets */,
				C4DC2DD524076ED5007CE1DF /* Info.plist */,
			);
			path = TennisRadar;
			sourceTree = "<group>";
		};
		C4DC2DDB24076EDA007CE1DF /* Network */ = {
			isa = PBXGroup;
			children = (
				C4F62DE4240BFEC800A9803E /* Response */,
				C4DC2DDC24076EEF007CE1DF /* TennisApi.swift */,
				C4F62DE5240C06DC00A9803E /* Endpoints.swift */,
			);
			path = Network;
			sourceTree = "<group>";
		};
		C4F62DBC240AF6CA00A9803E /* Controller */ = {
			isa = PBXGroup;
			children = (
				C4DC2DC824076ED2007CE1DF /* LiveSummaryViewController.swift */,
				C4AADA972413FB070084E172 /* OngoingTournamentsController.swift */,
				C4AADA992413FB350084E172 /* RankingViewController.swift */,
				C4B612A22415DF4A0020D12D /* SettingsViewController.swift */,
				C4C23A02242AE747002AABA6 /* TourInfoViewController.swift */,
				C4A46791242C5BE500ADABB6 /* PlayerInfoViewController.swift */,
				4333D8D92431682800D910A9 /* RankingPageViewController.swift */,
			);
			path = Controller;
			sourceTree = "<group>";
		};
		C4F62DE4240BFEC800A9803E /* Response */ = {
			isa = PBXGroup;
			children = (
				C4F62E06240CC04000A9803E /* Period */,
				C4F62E05240CBEE700A9803E /* Event */,
				C4F62DED240C0AA800A9803E /* IdName.swift */,
				C4F62DFC240CBA2500A9803E /* Player */,
				860AC5C8240D537A0001EE30 /* Match */,
				C4F62DF5240CB4EA00A9803E /* Tournament */,
				C4DC2DDE24076F74007CE1DF /* MatchMode.swift */,
				C4DC2DE22407706C007CE1DF /* MatchStatus.swift */,
				C4DC2DE424087B1F007CE1DF /* TournamentType.swift */,
				C4AADA872410AB500084E172 /* Surface.swift */,
			);
			path = Response;
			sourceTree = "<group>";
		};
		C4F62DF5240CB4EA00A9803E /* Tournament */ = {
			isa = PBXGroup;
			children = (
				C4F62DFA240CB89800A9803E /* TournamentRound.swift */,
				C4F62DEB240C095C00A9803E /* Tournament.swift */,
				C4F62DE9240C08BB00A9803E /* Tournaments.swift */,
				860AC5C4240D4B980001EE30 /* TournamentInfo.swift */,
				C4F62DF6240CB6B300A9803E /* TournamentSchedule.swift */,
				C4F62DF1240CB0AE00A9803E /* TournamentSummary.swift */,
				C4F62DFF240CBD0100A9803E /* TournamentResults.swift */,
				C4AADA8D241336D30084E172 /* TourRanking.swift */,
				4333D8D7242FF2F600D910A9 /* TournamentCoverageInfo.swift */,
			);
			path = Tournament;
			sourceTree = "<group>";
		};
		C4F62DFC240CBA2500A9803E /* Player */ = {
			isa = PBXGroup;
			children = (
				C4F62DFD240CBA3600A9803E /* Player.swift */,
				C4AADA69240DF1AD0084E172 /* Competitor.swift */,
				C4AADA7F240E16300084E172 /* PlayerProfile.swift */,
				C4AADA81240E18C10084E172 /* Ranking.swift */,
				C4AADA8B2413360A0084E172 /* PlayerRankings.swift */,
				C4AADA9124133C960084E172 /* HeadToHead.swift */,
			);
			path = Player;
			sourceTree = "<group>";
		};
		C4F62E05240CBEE700A9803E /* Event */ = {
			isa = PBXGroup;
			children = (
				C4AADA6D240DFDAD0084E172 /* Venue.swift */,
				C4F62DF8240CB78700A9803E /* SportEvent.swift */,
				C4F62E03240CBEB700A9803E /* SportEventStatus.swift */,
				C4F62DEF240C0AE600A9803E /* Season.swift */,
				860AC5C6240D4CB90001EE30 /* Info.swift */,
				C4AADA67240DEC760084E172 /* CoverageInfo.swift */,
				C4AADA6B240DF3460084E172 /* SportEventConditions.swift */,
				C4AADA7D240E10120084E172 /* Timeline.swift */,
				C4AADA9324133D650084E172 /* Meetings.swift */,
			);
			path = Event;
			sourceTree = "<group>";
		};
		C4F62E06240CC04000A9803E /* Period */ = {
			isa = PBXGroup;
			children = (
				C4F62E07240CC04C00A9803E /* PeriodScore.swift */,
				C4AADA832410A9FE0084E172 /* Periods.swift */,
				C4AADA852410AA7A0084E172 /* Period.swift */,
				C4AADA892410ABB60084E172 /* PeriodStat.swift */,
			);
			path = Period;
			sourceTree = "<group>";
		};
/* End PBXGroup section */

/* Begin PBXNativeTarget section */
		C4DC2DC024076ED2007CE1DF /* TennisRadar */ = {
			isa = PBXNativeTarget;
			buildConfigurationList = C4DC2DD824076ED5007CE1DF /* Build configuration list for PBXNativeTarget "TennisRadar" */;
			buildPhases = (
				C4DC2DBD24076ED2007CE1DF /* Sources */,
				C4DC2DBE24076ED2007CE1DF /* Frameworks */,
				C4DC2DBF24076ED2007CE1DF /* Resources */,
			);
			buildRules = (
			);
			dependencies = (
			);
			name = TennisRadar;
			packageProductDependencies = (
				C4F62DBA240AABA600A9803E /* Alamofire */,
				43B10CED2432D11500FE22C8 /* JTAppleCalendar */,
			);
			productName = TennisRadar;
			productReference = C4DC2DC124076ED2007CE1DF /* TennisRadar.app */;
			productType = "com.apple.product-type.application";
		};
/* End PBXNativeTarget section */

/* Begin PBXProject section */
		C4DC2DB924076ED2007CE1DF /* Project object */ = {
			isa = PBXProject;
			attributes = {
				LastSwiftUpdateCheck = 1130;
				LastUpgradeCheck = 1130;
				ORGANIZATIONNAME = "Cristhian Recalde";
				TargetAttributes = {
					C4DC2DC024076ED2007CE1DF = {
						CreatedOnToolsVersion = 11.3.1;
					};
				};
			};
			buildConfigurationList = C4DC2DBC24076ED2007CE1DF /* Build configuration list for PBXProject "TennisRadar" */;
			compatibilityVersion = "Xcode 9.3";
			developmentRegion = en;
			hasScannedForEncodings = 0;
			knownRegions = (
				en,
				Base,
			);
			mainGroup = C4DC2DB824076ED2007CE1DF;
			packageReferences = (
				C4F62DB9240AABA600A9803E /* XCRemoteSwiftPackageReference "Alamofire" */,
				43B10CEC2432D11500FE22C8 /* XCRemoteSwiftPackageReference "JTAppleCalendar" */,
			);
			productRefGroup = C4DC2DC224076ED2007CE1DF /* Products */;
			projectDirPath = "";
			projectRoot = "";
			targets = (
				C4DC2DC024076ED2007CE1DF /* TennisRadar */,
			);
		};
/* End PBXProject section */

/* Begin PBXResourcesBuildPhase section */
		C4DC2DBF24076ED2007CE1DF /* Resources */ = {
			isa = PBXResourcesBuildPhase;
			buildActionMask = 2147483647;
			files = (
				C4DC2DD424076ED5007CE1DF /* LaunchScreen.storyboard in Resources */,
				C4DC2DD124076ED4007CE1DF /* Assets.xcassets in Resources */,
				C4DC2DCC24076ED2007CE1DF /* Main.storyboard in Resources */,
			);
			runOnlyForDeploymentPostprocessing = 0;
		};
/* End PBXResourcesBuildPhase section */

/* Begin PBXSourcesBuildPhase section */
		C4DC2DBD24076ED2007CE1DF /* Sources */ = {
			isa = PBXSourcesBuildPhase;
			buildActionMask = 2147483647;
			files = (
				C4AADA7E240E10120084E172 /* Timeline.swift in Sources */,
				C4AADA8C2413360A0084E172 /* PlayerRankings.swift in Sources */,
				C4B612A62417105A0020D12D /* TournamentViewCell.swift in Sources */,
				C4AADA7A240E08800084E172 /* MatchStat.swift in Sources */,
				C4AADA82240E18C10084E172 /* Ranking.swift in Sources */,
				C4F62DEC240C095C00A9803E /* Tournament.swift in Sources */,
				C4AADA6A240DF1AD0084E172 /* Competitor.swift in Sources */,
				C4DC2DDF24076F74007CE1DF /* MatchMode.swift in Sources */,
				C4F62DEE240C0AA800A9803E /* IdName.swift in Sources */,
				C4AADA76240E03EB0084E172 /* Outcome.swift in Sources */,
				4333D8DA2431682800D910A9 /* RankingPageViewController.swift in Sources */,
				C4AADA70240E023C0084E172 /* MatchProbability.swift in Sources */,
				C4F62DEA240C08BB00A9803E /* Tournaments.swift in Sources */,
				C4AADA862410AA7A0084E172 /* Period.swift in Sources */,
				C4DC2DC924076ED2007CE1DF /* LiveSummaryViewController.swift in Sources */,
				C4AADA8A2410ABB60084E172 /* PeriodStat.swift in Sources */,
				C4DC2DC524076ED2007CE1DF /* AppDelegate.swift in Sources */,
				C4C23A03242AE747002AABA6 /* TourInfoViewController.swift in Sources */,
				C4AADA9424133D650084E172 /* Meetings.swift in Sources */,
				C4DC2DC724076ED2007CE1DF /* SceneDelegate.swift in Sources */,
				C4AADA982413FB070084E172 /* OngoingTournamentsController.swift in Sources */,
				C4AADA74240E03520084E172 /* Market.swift in Sources */,
				C4F62DF2240CB0AE00A9803E /* TournamentSummary.swift in Sources */,
				C4DC2DE32407706C007CE1DF /* MatchStatus.swift in Sources */,
				C4AADA78240E08350084E172 /* MatchStatistics.swift in Sources */,
				C4BDACFE241D8FE20038BADA /* StringProtocol+Extension.swift in Sources */,
				860AC5C7240D4CB90001EE30 /* Info.swift in Sources */,
				C4F62E08240CC04C00A9803E /* PeriodScore.swift in Sources */,
				C4B4D65924146A1A00E78259 /* TournamentManager.swift in Sources */,
				C4AADA72240E02E50084E172 /* Markets.swift in Sources */,
				860AC5C5240D4B980001EE30 /* TournamentInfo.swift in Sources */,
				C4F62E04240CBEB700A9803E /* SportEventStatus.swift in Sources */,
				C4AADA80240E16300084E172 /* PlayerProfile.swift in Sources */,
				C4F62E02240CBDB800A9803E /* MatchResult.swift in Sources */,
				C4DC2DCF24076ED2007CE1DF /* TennisRadar.xcdatamodeld in Sources */,
				C4BDACFB241D5F650038BADA /* DataController.swift in Sources */,
				C4DC2DE524087B1F007CE1DF /* TournamentType.swift in Sources */,
				C4AADA6E240DFDAD0084E172 /* Venue.swift in Sources */,
				C4B612A32415DF4A0020D12D /* SettingsViewController.swift in Sources */,
				C4AADA6C240DF3460084E172 /* SportEventConditions.swift in Sources */,
				4333D8D8242FF2F600D910A9 /* TournamentCoverageInfo.swift in Sources */,
				4333D8DC2431ADE000D910A9 /* RankingCellView.swift in Sources */,
				C4F62DFB240CB89800A9803E /* TournamentRound.swift in Sources */,
				C4AADA882410AB500084E172 /* Surface.swift in Sources */,
				C4C23A05242C4E7E002AABA6 /* UITableViewController+Extension.swift in Sources */,
				C4F62DE6240C06DC00A9803E /* Endpoints.swift in Sources */,
				C4AADA68240DEC760084E172 /* CoverageInfo.swift in Sources */,
				C4F62DF7240CB6B300A9803E /* TournamentSchedule.swift in Sources */,
				C4AADA8E241336D30084E172 /* TourRanking.swift in Sources */,
				C4F62DF9240CB78700A9803E /* SportEvent.swift in Sources */,
				C4AADA9224133C960084E172 /* HeadToHead.swift in Sources */,
				C4F62E00240CBD0100A9803E /* TournamentResults.swift in Sources */,
				C4A46792242C5BE500ADABB6 /* PlayerInfoViewController.swift in Sources */,
				C4AADA7C240E08FA0084E172 /* MatchStats.swift in Sources */,
				C4AADA842410A9FE0084E172 /* Periods.swift in Sources */,
				C4F62DF0240C0AE600A9803E /* Season.swift in Sources */,
				C4F62DFE240CBA3600A9803E /* Player.swift in Sources */,
				C4DC2DDD24076EEF007CE1DF /* TennisApi.swift in Sources */,
				C4AADA9A2413FB350084E172 /* RankingViewController.swift in Sources */,
			);
			runOnlyForDeploymentPostprocessing = 0;
		};
/* End PBXSourcesBuildPhase section */

/* Begin PBXVariantGroup section */
		C4DC2DCA24076ED2007CE1DF /* Main.storyboard */ = {
			isa = PBXVariantGroup;
			children = (
				C4DC2DCB24076ED2007CE1DF /* Base */,
			);
			name = Main.storyboard;
			sourceTree = "<group>";
		};
		C4DC2DD224076ED4007CE1DF /* LaunchScreen.storyboard */ = {
			isa = PBXVariantGroup;
			children = (
				C4DC2DD324076ED4007CE1DF /* Base */,
			);
			name = LaunchScreen.storyboard;
			sourceTree = "<group>";
		};
/* End PBXVariantGroup section */

/* Begin XCBuildConfiguration section */
		C4DC2DD624076ED5007CE1DF /* Debug */ = {
			isa = XCBuildConfiguration;
			buildSettings = {
				ALWAYS_SEARCH_USER_PATHS = NO;
				CLANG_ANALYZER_NONNULL = YES;
				CLANG_ANALYZER_NUMBER_OBJECT_CONVERSION = YES_AGGRESSIVE;
				CLANG_CXX_LANGUAGE_STANDARD = "gnu++14";
				CLANG_CXX_LIBRARY = "libc++";
				CLANG_ENABLE_MODULES = YES;
				CLANG_ENABLE_OBJC_ARC = YES;
				CLANG_ENABLE_OBJC_WEAK = YES;
				CLANG_WARN_BLOCK_CAPTURE_AUTORELEASING = YES;
				CLANG_WARN_BOOL_CONVERSION = YES;
				CLANG_WARN_COMMA = YES;
				CLANG_WARN_CONSTANT_CONVERSION = YES;
				CLANG_WARN_DEPRECATED_OBJC_IMPLEMENTATIONS = YES;
				CLANG_WARN_DIRECT_OBJC_ISA_USAGE = YES_ERROR;
				CLANG_WARN_DOCUMENTATION_COMMENTS = YES;
				CLANG_WARN_EMPTY_BODY = YES;
				CLANG_WARN_ENUM_CONVERSION = YES;
				CLANG_WARN_INFINITE_RECURSION = YES;
				CLANG_WARN_INT_CONVERSION = YES;
				CLANG_WARN_NON_LITERAL_NULL_CONVERSION = YES;
				CLANG_WARN_OBJC_IMPLICIT_RETAIN_SELF = YES;
				CLANG_WARN_OBJC_LITERAL_CONVERSION = YES;
				CLANG_WARN_OBJC_ROOT_CLASS = YES_ERROR;
				CLANG_WARN_RANGE_LOOP_ANALYSIS = YES;
				CLANG_WARN_STRICT_PROTOTYPES = YES;
				CLANG_WARN_SUSPICIOUS_MOVE = YES;
				CLANG_WARN_UNGUARDED_AVAILABILITY = YES_AGGRESSIVE;
				CLANG_WARN_UNREACHABLE_CODE = YES;
				CLANG_WARN__DUPLICATE_METHOD_MATCH = YES;
				COPY_PHASE_STRIP = NO;
				DEBUG_INFORMATION_FORMAT = dwarf;
				ENABLE_STRICT_OBJC_MSGSEND = YES;
				ENABLE_TESTABILITY = YES;
				GCC_C_LANGUAGE_STANDARD = gnu11;
				GCC_DYNAMIC_NO_PIC = NO;
				GCC_NO_COMMON_BLOCKS = YES;
				GCC_OPTIMIZATION_LEVEL = 0;
				GCC_PREPROCESSOR_DEFINITIONS = (
					"DEBUG=1",
					"$(inherited)",
				);
				GCC_WARN_64_TO_32_BIT_CONVERSION = YES;
				GCC_WARN_ABOUT_RETURN_TYPE = YES_ERROR;
				GCC_WARN_UNDECLARED_SELECTOR = YES;
				GCC_WARN_UNINITIALIZED_AUTOS = YES_AGGRESSIVE;
				GCC_WARN_UNUSED_FUNCTION = YES;
				GCC_WARN_UNUSED_VARIABLE = YES;
				IPHONEOS_DEPLOYMENT_TARGET = 13.2;
				MTL_ENABLE_DEBUG_INFO = INCLUDE_SOURCE;
				MTL_FAST_MATH = YES;
				ONLY_ACTIVE_ARCH = YES;
				SDKROOT = iphoneos;
				SWIFT_ACTIVE_COMPILATION_CONDITIONS = DEBUG;
				SWIFT_OPTIMIZATION_LEVEL = "-Onone";
			};
			name = Debug;
		};
		C4DC2DD724076ED5007CE1DF /* Release */ = {
			isa = XCBuildConfiguration;
			buildSettings = {
				ALWAYS_SEARCH_USER_PATHS = NO;
				CLANG_ANALYZER_NONNULL = YES;
				CLANG_ANALYZER_NUMBER_OBJECT_CONVERSION = YES_AGGRESSIVE;
				CLANG_CXX_LANGUAGE_STANDARD = "gnu++14";
				CLANG_CXX_LIBRARY = "libc++";
				CLANG_ENABLE_MODULES = YES;
				CLANG_ENABLE_OBJC_ARC = YES;
				CLANG_ENABLE_OBJC_WEAK = YES;
				CLANG_WARN_BLOCK_CAPTURE_AUTORELEASING = YES;
				CLANG_WARN_BOOL_CONVERSION = YES;
				CLANG_WARN_COMMA = YES;
				CLANG_WARN_CONSTANT_CONVERSION = YES;
				CLANG_WARN_DEPRECATED_OBJC_IMPLEMENTATIONS = YES;
				CLANG_WARN_DIRECT_OBJC_ISA_USAGE = YES_ERROR;
				CLANG_WARN_DOCUMENTATION_COMMENTS = YES;
				CLANG_WARN_EMPTY_BODY = YES;
				CLANG_WARN_ENUM_CONVERSION = YES;
				CLANG_WARN_INFINITE_RECURSION = YES;
				CLANG_WARN_INT_CONVERSION = YES;
				CLANG_WARN_NON_LITERAL_NULL_CONVERSION = YES;
				CLANG_WARN_OBJC_IMPLICIT_RETAIN_SELF = YES;
				CLANG_WARN_OBJC_LITERAL_CONVERSION = YES;
				CLANG_WARN_OBJC_ROOT_CLASS = YES_ERROR;
				CLANG_WARN_RANGE_LOOP_ANALYSIS = YES;
				CLANG_WARN_STRICT_PROTOTYPES = YES;
				CLANG_WARN_SUSPICIOUS_MOVE = YES;
				CLANG_WARN_UNGUARDED_AVAILABILITY = YES_AGGRESSIVE;
				CLANG_WARN_UNREACHABLE_CODE = YES;
				CLANG_WARN__DUPLICATE_METHOD_MATCH = YES;
				COPY_PHASE_STRIP = NO;
				DEBUG_INFORMATION_FORMAT = "dwarf-with-dsym";
				ENABLE_NS_ASSERTIONS = NO;
				ENABLE_STRICT_OBJC_MSGSEND = YES;
				GCC_C_LANGUAGE_STANDARD = gnu11;
				GCC_NO_COMMON_BLOCKS = YES;
				GCC_WARN_64_TO_32_BIT_CONVERSION = YES;
				GCC_WARN_ABOUT_RETURN_TYPE = YES_ERROR;
				GCC_WARN_UNDECLARED_SELECTOR = YES;
				GCC_WARN_UNINITIALIZED_AUTOS = YES_AGGRESSIVE;
				GCC_WARN_UNUSED_FUNCTION = YES;
				GCC_WARN_UNUSED_VARIABLE = YES;
				IPHONEOS_DEPLOYMENT_TARGET = 13.2;
				MTL_ENABLE_DEBUG_INFO = NO;
				MTL_FAST_MATH = YES;
				SDKROOT = iphoneos;
				SWIFT_COMPILATION_MODE = wholemodule;
				SWIFT_OPTIMIZATION_LEVEL = "-O";
				VALIDATE_PRODUCT = YES;
			};
			name = Release;
		};
		C4DC2DD924076ED5007CE1DF /* Debug */ = {
			isa = XCBuildConfiguration;
			buildSettings = {
				ASSETCATALOG_COMPILER_APPICON_NAME = AppIcon;
				CODE_SIGN_STYLE = Automatic;
				DEVELOPMENT_TEAM = M5X6C8M57F;
				INFOPLIST_FILE = TennisRadar/Info.plist;
				LD_RUNPATH_SEARCH_PATHS = (
					"$(inherited)",
					"@executable_path/Frameworks",
				);
				PRODUCT_BUNDLE_IDENTIFIER = py.com.snowtech.TennisRadar;
				PRODUCT_NAME = "$(TARGET_NAME)";
				SWIFT_VERSION = 5.0;
				TARGETED_DEVICE_FAMILY = "1,2";
			};
			name = Debug;
		};
		C4DC2DDA24076ED5007CE1DF /* Release */ = {
			isa = XCBuildConfiguration;
			buildSettings = {
				ASSETCATALOG_COMPILER_APPICON_NAME = AppIcon;
				CODE_SIGN_STYLE = Automatic;
				DEVELOPMENT_TEAM = M5X6C8M57F;
				INFOPLIST_FILE = TennisRadar/Info.plist;
				LD_RUNPATH_SEARCH_PATHS = (
					"$(inherited)",
					"@executable_path/Frameworks",
				);
				PRODUCT_BUNDLE_IDENTIFIER = py.com.snowtech.TennisRadar;
				PRODUCT_NAME = "$(TARGET_NAME)";
				SWIFT_VERSION = 5.0;
				TARGETED_DEVICE_FAMILY = "1,2";
			};
			name = Release;
		};
/* End XCBuildConfiguration section */

/* Begin XCConfigurationList section */
		C4DC2DBC24076ED2007CE1DF /* Build configuration list for PBXProject "TennisRadar" */ = {
			isa = XCConfigurationList;
			buildConfigurations = (
				C4DC2DD624076ED5007CE1DF /* Debug */,
				C4DC2DD724076ED5007CE1DF /* Release */,
			);
			defaultConfigurationIsVisible = 0;
			defaultConfigurationName = Release;
		};
		C4DC2DD824076ED5007CE1DF /* Build configuration list for PBXNativeTarget "TennisRadar" */ = {
			isa = XCConfigurationList;
			buildConfigurations = (
				C4DC2DD924076ED5007CE1DF /* Debug */,
				C4DC2DDA24076ED5007CE1DF /* Release */,
			);
			defaultConfigurationIsVisible = 0;
			defaultConfigurationName = Release;
		};
/* End XCConfigurationList section */

/* Begin XCRemoteSwiftPackageReference section */
		43B10CEC2432D11500FE22C8 /* XCRemoteSwiftPackageReference "JTAppleCalendar" */ = {
			isa = XCRemoteSwiftPackageReference;
			repositoryURL = "https://github.com/patchthecode/JTAppleCalendar";
			requirement = {
				kind = upToNextMajorVersion;
				minimumVersion = 8.0.3;
			};
		};
		C4F62DB9240AABA600A9803E /* XCRemoteSwiftPackageReference "Alamofire" */ = {
			isa = XCRemoteSwiftPackageReference;
			repositoryURL = "https://github.com/Alamofire/Alamofire.git";
			requirement = {
				kind = upToNextMajorVersion;
				minimumVersion = 5.0.2;
			};
		};
/* End XCRemoteSwiftPackageReference section */

/* Begin XCSwiftPackageProductDependency section */
		43B10CED2432D11500FE22C8 /* JTAppleCalendar */ = {
			isa = XCSwiftPackageProductDependency;
			package = 43B10CEC2432D11500FE22C8 /* XCRemoteSwiftPackageReference "JTAppleCalendar" */;
			productName = JTAppleCalendar;
		};
		C4F62DBA240AABA600A9803E /* Alamofire */ = {
			isa = XCSwiftPackageProductDependency;
			package = C4F62DB9240AABA600A9803E /* XCRemoteSwiftPackageReference "Alamofire" */;
			productName = Alamofire;
		};
/* End XCSwiftPackageProductDependency section */

/* Begin XCVersionGroup section */
		C4DC2DCD24076ED2007CE1DF /* TennisRadar.xcdatamodeld */ = {
			isa = XCVersionGroup;
			children = (
				C4DC2DCE24076ED2007CE1DF /* TennisRadar.xcdatamodel */,
			);
			currentVersion = C4DC2DCE24076ED2007CE1DF /* TennisRadar.xcdatamodel */;
			path = TennisRadar.xcdatamodeld;
			sourceTree = "<group>";
			versionGroupType = wrapper.xcdatamodel;
		};
/* End XCVersionGroup section */
	};
	rootObject = C4DC2DB924076ED2007CE1DF /* Project object */;
}
