{
  "object": {
    "pins": [
      {
        "package": "Alamofire",
        "repositoryURL": "https://github.com/Alamofire/Alamofire.git",
        "state": {
          "branch": null,
          "revision": "b02c4ee7f1659090f7ac543c022f922beeb04bc6",
          "version": "5.0.2"
        }
      },
      {
        "package": "KDCalendar",
        "repositoryURL": "https://github.com/mmick66/CalendarView.git",
        "state": {
          "branch": null,
          "revision": "d0b4808bb3c98ec8ece7999508e3eb7bc415acda",
          "version": "1.8.9"
        }
      }
    ]
  },
  "version": 1
}
